
Microsoft Visual Studio Solution File, Format Version 12.00
# Visual Studio Version 17
VisualStudioVersion = 17.4.33213.308
MinimumVisualStudioVersion = 10.0.40219.1
Project("{9A19103F-16F7-4668-BE54-9A1E7A4F7556}") = "MarsRovers_DealerOn", "MarsRovers_DealerOn\MarsRovers_DealerOn.csproj", "{EA42C41A-A597-4CE0-9B39-088CFE346871}"
EndProject
Project("{9A19103F-16F7-4668-BE54-9A1E7A4F7556}") = "MarsRoverTest", "MarsRoverTest\MarsRoverTest.csproj", "{94159513-F332-47A9-AE43-FA03F53D2659}"
EndProject
Project("{9A19103F-16F7-4668-BE54-9A1E7A4F7556}") = "MarsRover_NunitTests", "MarsRover_NunitTests\MarsRover_NunitTests.csproj", "{56EE54C7-ECC9-4A15-B7B3-3C066880C19D}"
EndProject
Global
	GlobalSection(SolutionConfigurationPlatforms) = preSolution
		Debug|Any CPU = Debug|Any CPU
		Release|Any CPU = Release|Any CPU
	EndGlobalSection
	GlobalSection(ProjectConfigurationPlatforms) = postSolution
		{EA42C41A-A597-4CE0-9B39-088CFE346871}.Debug|Any CPU.ActiveCfg = Debug|Any CPU
		{EA42C41A-A597-4CE0-9B39-088CFE346871}.Debug|Any CPU.Build.0 = Debug|Any CPU
		{EA42C41A-A597-4CE0-9B39-088CFE346871}.Release|Any CPU.ActiveCfg = Release|Any CPU
		{EA42C41A-A597-4CE0-9B39-088CFE346871}.Release|Any CPU.Build.0 = Release|Any CPU
		{94159513-F332-47A9-AE43-FA03F53D2659}.Debug|Any CPU.ActiveCfg = Debug|Any CPU
		{94159513-F332-47A9-AE43-FA03F53D2659}.Debug|Any CPU.Build.0 = Debug|Any CPU
		{94159513-F332-47A9-AE43-FA03F53D2659}.Release|Any CPU.ActiveCfg = Release|Any CPU
		{94159513-F332-47A9-AE43-FA03F53D2659}.Release|Any CPU.Build.0 = Release|Any CPU
		{56EE54C7-ECC9-4A15-B7B3-3C066880C19D}.Debug|Any CPU.ActiveCfg = Debug|Any CPU
		{56EE54C7-ECC9-4A15-B7B3-3C066880C19D}.Debug|Any CPU.Build.0 = Debug|Any CPU
		{56EE54C7-ECC9-4A15-B7B3-3C066880C19D}.Release|Any CPU.ActiveCfg = Release|Any CPU
		{56EE54C7-ECC9-4A15-B7B3-3C066880C19D}.Release|Any CPU.Build.0 = Release|Any CPU
	EndGlobalSection
	GlobalSection(SolutionProperties) = preSolution
		HideSolutionNode = FALSE
	EndGlobalSection
	GlobalSection(ExtensibilityGlobals) = postSolution
		SolutionGuid = {05C551AC-8BA8-4122-B355-FBEC94E958EF}
	EndGlobalSection
EndGlobal
